// !$*UTF8*$!
{
	archiveVersion = 1;
	classes = {
	};
	objectVersion = 50;
	objects = {

/* Begin PBXBuildFile section */
		1752C4FF2158E8D00094C883 /* AppDelegate.swift in Sources */ = {isa = PBXBuildFile; fileRef = 1752C4FE2158E8D00094C883 /* AppDelegate.swift */; };
		1752C5012158E8D00094C883 /* ViewController.swift in Sources */ = {isa = PBXBuildFile; fileRef = 1752C5002158E8D00094C883 /* ViewController.swift */; };
		1752C5042158E8D00094C883 /* Main.storyboard in Resources */ = {isa = PBXBuildFile; fileRef = 1752C5022158E8D00094C883 /* Main.storyboard */; };
		1752C5062158E8D50094C883 /* Assets.xcassets in Resources */ = {isa = PBXBuildFile; fileRef = 1752C5052158E8D50094C883 /* Assets.xcassets */; };
		1752C5092158E8D50094C883 /* LaunchScreen.storyboard in Resources */ = {isa = PBXBuildFile; fileRef = 1752C5072158E8D50094C883 /* LaunchScreen.storyboard */; };
		1752C5112158ECA90094C883 /* SignInVC.swift in Sources */ = {isa = PBXBuildFile; fileRef = 1752C5102158ECA90094C883 /* SignInVC.swift */; };
		1752C5132158ECBD0094C883 /* SignUpVC.swift in Sources */ = {isa = PBXBuildFile; fileRef = 1752C5122158ECBD0094C883 /* SignUpVC.swift */; };
		B8782A450653DB2B6B547083 /* Pods_ApiTastTask.framework in Frameworks */ = {isa = PBXBuildFile; fileRef = D7EB8C14939E454BC818781F /* Pods_ApiTastTask.framework */; };
/* End PBXBuildFile section */

/* Begin PBXFileReference section */
		1752C4FB2158E8D00094C883 /* ApiTastTask.app */ = {isa = PBXFileReference; explicitFileType = wrapper.application; includeInIndex = 0; path = ApiTastTask.app; sourceTree = BUILT_PRODUCTS_DIR; };
		1752C4FE2158E8D00094C883 /* AppDelegate.swift */ = {isa = PBXFileReference; lastKnownFileType = sourcecode.swift; path = AppDelegate.swift; sourceTree = "<group>"; };
		1752C5002158E8D00094C883 /* ViewController.swift */ = {isa = PBXFileReference; lastKnownFileType = sourcecode.swift; path = ViewController.swift; sourceTree = "<group>"; };
		1752C5032158E8D00094C883 /* Base */ = {isa = PBXFileReference; lastKnownFileType = file.storyboard; name = Base; path = Base.lproj/Main.storyboard; sourceTree = "<group>"; };
		1752C5052158E8D50094C883 /* Assets.xcassets */ = {isa = PBXFileReference; lastKnownFileType = folder.assetcatalog; path = Assets.xcassets; sourceTree = "<group>"; };
		1752C5082158E8D50094C883 /* Base */ = {isa = PBXFileReference; lastKnownFileType = file.storyboard; name = Base; path = Base.lproj/LaunchScreen.storyboard; sourceTree = "<group>"; };
		1752C50A2158E8D50094C883 /* Info.plist */ = {isa = PBXFileReference; lastKnownFileType = text.plist.xml; path = Info.plist; sourceTree = "<group>"; };
		1752C5102158ECA90094C883 /* SignInVC.swift */ = {isa = PBXFileReference; lastKnownFileType = sourcecode.swift; path = SignInVC.swift; sourceTree = "<group>"; };
		1752C5122158ECBD0094C883 /* SignUpVC.swift */ = {isa = PBXFileReference; lastKnownFileType = sourcecode.swift; path = SignUpVC.swift; sourceTree = "<group>"; };
		3AE70DB4857F916DE10CC939 /* Pods-ApiTastTask.debug.xcconfig */ = {isa = PBXFileReference; includeInIndex = 1; lastKnownFileType = text.xcconfig; name = "Pods-ApiTastTask.debug.xcconfig"; path = "Pods/Target Support Files/Pods-ApiTastTask/Pods-ApiTastTask.debug.xcconfig"; sourceTree = "<group>"; };
		8CFC301E6EDB125F422D586B /* Pods-ApiTastTask.release.xcconfig */ = {isa = PBXFileReference; includeInIndex = 1; lastKnownFileType = text.xcconfig; name = "Pods-ApiTastTask.release.xcconfig"; path = "Pods/Target Support Files/Pods-ApiTastTask/Pods-ApiTastTask.release.xcconfig"; sourceTree = "<group>"; };
		D7EB8C14939E454BC818781F /* Pods_ApiTastTask.framework */ = {isa = PBXFileReference; explicitFileType = wrapper.framework; includeInIndex = 0; path = Pods_ApiTastTask.framework; sourceTree = BUILT_PRODUCTS_DIR; };
/* End PBXFileReference section */

/* Begin PBXFrameworksBuildPhase section */
		1752C4F82158E8D00094C883 /* Frameworks */ = {
			isa = PBXFrameworksBuildPhase;
			buildActionMask = 2147483647;
			files = (
				B8782A450653DB2B6B547083 /* Pods_ApiTastTask.framework in Frameworks */,
			);
			runOnlyForDeploymentPostprocessing = 0;
		};
/* End PBXFrameworksBuildPhase section */

/* Begin PBXGroup section */
		1752C4F22158E8D00094C883 = {
			isa = PBXGroup;
			children = (
				1752C4FD2158E8D00094C883 /* ApiTastTask */,
				1752C4FC2158E8D00094C883 /* Products */,
				21C754960729F2C95F70E9FD /* Pods */,
				3A187478DA7F2B72DC225829 /* Frameworks */,
			);
			sourceTree = "<group>";
		};
		1752C4FC2158E8D00094C883 /* Products */ = {
			isa = PBXGroup;
			children = (
				1752C4FB2158E8D00094C883 /* ApiTastTask.app */,
			);
			name = Products;
			sourceTree = "<group>";
		};
		1752C4FD2158E8D00094C883 /* ApiTastTask */ = {
			isa = PBXGroup;
			children = (
				1752C4FE2158E8D00094C883 /* AppDelegate.swift */,
				1752C5002158E8D00094C883 /* ViewController.swift */,
				1752C5102158ECA90094C883 /* SignInVC.swift */,
				1752C5122158ECBD0094C883 /* SignUpVC.swift */,
				1752C5052158E8D50094C883 /* Assets.xcassets */,
				1752C5072158E8D50094C883 /* LaunchScreen.storyboard */,
				1752C5022158E8D00094C883 /* Main.storyboard */,
				1752C50A2158E8D50094C883 /* Info.plist */,
			);
			path = ApiTastTask;
			sourceTree = "<group>";
		};
		21C754960729F2C95F70E9FD /* Pods */ = {
			isa = PBXGroup;
			children = (
				3AE70DB4857F916DE10CC939 /* Pods-ApiTastTask.debug.xcconfig */,
				8CFC301E6EDB125F422D586B /* Pods-ApiTastTask.release.xcconfig */,
			);
			name = Pods;
			sourceTree = "<group>";
		};
		3A187478DA7F2B72DC225829 /* Frameworks */ = {
			isa = PBXGroup;
			children = (
				D7EB8C14939E454BC818781F /* Pods_ApiTastTask.framework */,
			);
			name = Frameworks;
			sourceTree = "<group>";
		};
/* End PBXGroup section */

/* Begin PBXNativeTarget section */
		1752C4FA2158E8D00094C883 /* ApiTastTask */ = {
			isa = PBXNativeTarget;
			buildConfigurationList = 1752C50D2158E8D50094C883 /* Build configuration list for PBXNativeTarget "ApiTastTask" */;
			buildPhases = (
				A848E8F92D1C081C9DE0890D /* [CP] Check Pods Manifest.lock */,
				1752C4F72158E8D00094C883 /* Sources */,
				1752C4F82158E8D00094C883 /* Frameworks */,
				1752C4F92158E8D00094C883 /* Resources */,
				719A56ADAC64128C33C66895 /* [CP] Embed Pods Frameworks */,
			);
			buildRules = (
			);
			dependencies = (
			);
			name = ApiTastTask;
			productName = ApiTastTask;
			productReference = 1752C4FB2158E8D00094C883 /* ApiTastTask.app */;
			productType = "com.apple.product-type.application";
		};
/* End PBXNativeTarget section */

/* Begin PBXProject section */
		1752C4F32158E8D00094C883 /* Project object */ = {
			isa = PBXProject;
			attributes = {
				LastSwiftUpdateCheck = 0940;
				LastUpgradeCheck = 0940;
				ORGANIZATIONNAME = "Nikita Nechyporenko";
				TargetAttributes = {
					1752C4FA2158E8D00094C883 = {
						CreatedOnToolsVersion = 9.4.1;
					};
				};
			};
			buildConfigurationList = 1752C4F62158E8D00094C883 /* Build configuration list for PBXProject "ApiTastTask" */;
			compatibilityVersion = "Xcode 9.3";
			developmentRegion = en;
			hasScannedForEncodings = 0;
			knownRegions = (
				en,
				Base,
			);
			mainGroup = 1752C4F22158E8D00094C883;
			productRefGroup = 1752C4FC2158E8D00094C883 /* Products */;
			projectDirPath = "";
			projectRoot = "";
			targets = (
				1752C4FA2158E8D00094C883 /* ApiTastTask */,
			);
		};
/* End PBXProject section */

/* Begin PBXResourcesBuildPhase section */
		1752C4F92158E8D00094C883 /* Resources */ = {
			isa = PBXResourcesBuildPhase;
			buildActionMask = 2147483647;
			files = (
				1752C5092158E8D50094C883 /* LaunchScreen.storyboard in Resources */,
				1752C5062158E8D50094C883 /* Assets.xcassets in Resources */,
				1752C5042158E8D00094C883 /* Main.storyboard in Resources */,
			);
			runOnlyForDeploymentPostprocessing = 0;
		};
/* End PBXResourcesBuildPhase section */

/* Begin PBXShellScriptBuildPhase section */
		719A56ADAC64128C33C66895 /* [CP] Embed Pods Frameworks */ = {
			isa = PBXShellScriptBuildPhase;
			buildActionMask = 2147483647;
			files = (
			);
			inputFileListPaths = (
			);
			inputPaths = (
				"${SRCROOT}/Pods/Target Support Files/Pods-ApiTastTask/Pods-ApiTastTask-frameworks.sh",
				"${BUILT_PRODUCTS_DIR}/Alamofire/Alamofire.framework",
				"${BUILT_PRODUCTS_DIR}/SDWebImage/SDWebImage.framework",
				"${BUILT_PRODUCTS_DIR}/SwiftyJSON/SwiftyJSON.framework",
			);
			name = "[CP] Embed Pods Frameworks";
			outputFileListPaths = (
			);
			outputPaths = (
				"${TARGET_BUILD_DIR}/${FRAMEWORKS_FOLDER_PATH}/Alamofire.framework",
				"${TARGET_BUILD_DIR}/${FRAMEWORKS_FOLDER_PATH}/SDWebImage.framework",
				"${TARGET_BUILD_DIR}/${FRAMEWORKS_FOLDER_PATH}/SwiftyJSON.framework",
			);
			runOnlyForDeploymentPostprocessing = 0;
			shellPath = /bin/sh;
			shellScript = "\"${SRCROOT}/Pods/Target Support Files/Pods-ApiTastTask/Pods-ApiTastTask-frameworks.sh\"\n";
			showEnvVarsInLog = 0;
		};
		A848E8F92D1C081C9DE0890D /* [CP] Check Pods Manifest.lock */ = {
			isa = PBXShellScriptBuildPhase;
			buildActionMask = 2147483647;
			files = (
			);
			inputFileListPaths = (
			);
			inputPaths = (
				"${PODS_PODFILE_DIR_PATH}/Podfile.lock",
				"${PODS_ROOT}/Manifest.lock",
			);
			name = "[CP] Check Pods Manifest.lock";
			outputFileListPaths = (
			);
			outputPaths = (
				"$(DERIVED_FILE_DIR)/Pods-ApiTastTask-checkManifestLockResult.txt",
			);
			runOnlyForDeploymentPostprocessing = 0;
			shellPath = /bin/sh;
			shellScript = "diff \"${PODS_PODFILE_DIR_PATH}/Podfile.lock\" \"${PODS_ROOT}/Manifest.lock\" > /dev/null\nif [ $? != 0 ] ; then\n    # print error to STDERR\n    echo \"error: The sandbox is not in sync with the Podfile.lock. Run 'pod install' or update your CocoaPods installation.\" >&2\n    exit 1\nfi\n# This output is used by Xcode 'outputs' to avoid re-running this script phase.\necho \"SUCCESS\" > \"${SCRIPT_OUTPUT_FILE_0}\"\n";
			showEnvVarsInLog = 0;
		};
/* End PBXShellScriptBuildPhase section */

/* Begin PBXSourcesBuildPhase section */
		1752C4F72158E8D00094C883 /* Sources */ = {
			isa = PBXSourcesBuildPhase;
			buildActionMask = 2147483647;
			files = (
				1752C5132158ECBD0094C883 /* SignUpVC.swift in Sources */,
				1752C5012158E8D00094C883 /* ViewController.swift in Sources */,
				1752C4FF2158E8D00094C883 /* AppDelegate.swift in Sources */,
				1752C5112158ECA90094C883 /* SignInVC.swift in Sources */,
			);
			runOnlyForDeploymentPostprocessing = 0;
		};
/* End PBXSourcesBuildPhase section */

/* Begin PBXVariantGroup section */
		1752C5022158E8D00094C883 /* Main.storyboard */ = {
			isa = PBXVariantGroup;
			children = (
				1752C5032158E8D00094C883 /* Base */,
			);
			name = Main.storyboard;
			sourceTree = "<group>";
		};
		1752C5072158E8D50094C883 /* LaunchScreen.storyboard */ = {
			isa = PBXVariantGroup;
			children = (
				1752C5082158E8D50094C883 /* Base */,
			);
			name = LaunchScreen.storyboard;
			sourceTree = "<group>";
		};
/* End PBXVariantGroup section */

/* Begin XCBuildConfiguration section */
		1752C50B2158E8D50094C883 /* Debug */ = {
			isa = XCBuildConfiguration;
			buildSettings = {
				ALWAYS_SEARCH_USER_PATHS = NO;
				CLANG_ANALYZER_NONNULL = YES;
				CLANG_ANALYZER_NUMBER_OBJECT_CONVERSION = YES_AGGRESSIVE;
				CLANG_CXX_LANGUAGE_STANDARD = "gnu++14";
				CLANG_CXX_LIBRARY = "libc++";
				CLANG_ENABLE_MODULES = YES;
				CLANG_ENABLE_OBJC_ARC = YES;
				CLANG_ENABLE_OBJC_WEAK = YES;
				CLANG_WARN_BLOCK_CAPTURE_AUTORELEASING = YES;
				CLANG_WARN_BOOL_CONVERSION = YES;
				CLANG_WARN_COMMA = YES;
				CLANG_WARN_CONSTANT_CONVERSION = YES;
				CLANG_WARN_DEPRECATED_OBJC_IMPLEMENTATIONS = YES;
				CLANG_WARN_DIRECT_OBJC_ISA_USAGE = YES_ERROR;
				CLANG_WARN_DOCUMENTATION_COMMENTS = YES;
				CLANG_WARN_EMPTY_BODY = YES;
				CLANG_WARN_ENUM_CONVERSION = YES;
				CLANG_WARN_INFINITE_RECURSION = YES;
				CLANG_WARN_INT_CONVERSION = YES;
				CLANG_WARN_NON_LITERAL_NULL_CONVERSION = YES;
				CLANG_WARN_OBJC_IMPLICIT_RETAIN_SELF = YES;
				CLANG_WARN_OBJC_LITERAL_CONVERSION = YES;
				CLANG_WARN_OBJC_ROOT_CLASS = YES_ERROR;
				CLANG_WARN_RANGE_LOOP_ANALYSIS = YES;
				CLANG_WARN_STRICT_PROTOTYPES = YES;
				CLANG_WARN_SUSPICIOUS_MOVE = YES;
				CLANG_WARN_UNGUARDED_AVAILABILITY = YES_AGGRESSIVE;
				CLANG_WARN_UNREACHABLE_CODE = YES;
				CLANG_WARN__DUPLICATE_METHOD_MATCH = YES;
				CODE_SIGN_IDENTITY = "iPhone Developer";
				COPY_PHASE_STRIP = NO;
				DEBUG_INFORMATION_FORMAT = dwarf;
				ENABLE_STRICT_OBJC_MSGSEND = YES;
				ENABLE_TESTABILITY = YES;
				GCC_C_LANGUAGE_STANDARD = gnu11;
				GCC_DYNAMIC_NO_PIC = NO;
				GCC_NO_COMMON_BLOCKS = YES;
				GCC_OPTIMIZATION_LEVEL = 0;
				GCC_PREPROCESSOR_DEFINITIONS = (
					"DEBUG=1",
					"$(inherited)",
				);
				GCC_WARN_64_TO_32_BIT_CONVERSION = YES;
				GCC_WARN_ABOUT_RETURN_TYPE = YES_ERROR;
				GCC_WARN_UNDECLARED_SELECTOR = YES;
				GCC_WARN_UNINITIALIZED_AUTOS = YES_AGGRESSIVE;
				GCC_WARN_UNUSED_FUNCTION = YES;
				GCC_WARN_UNUSED_VARIABLE = YES;
				IPHONEOS_DEPLOYMENT_TARGET = 11.4;
				MTL_ENABLE_DEBUG_INFO = YES;
				ONLY_ACTIVE_ARCH = YES;
				SDKROOT = iphoneos;
				SWIFT_ACTIVE_COMPILATION_CONDITIONS = DEBUG;
				SWIFT_OPTIMIZATION_LEVEL = "-Onone";
			};
			name = Debug;
		};
		1752C50C2158E8D50094C883 /* Release */ = {
			isa = XCBuildConfiguration;
			buildSettings = {
				ALWAYS_SEARCH_USER_PATHS = NO;
				CLANG_ANALYZER_NONNULL = YES;
				CLANG_ANALYZER_NUMBER_OBJECT_CONVERSION = YES_AGGRESSIVE;
				CLANG_CXX_LANGUAGE_STANDARD = "gnu++14";
				CLANG_CXX_LIBRARY = "libc++";
				CLANG_ENABLE_MODULES = YES;
				CLANG_ENABLE_OBJC_ARC = YES;
				CLANG_ENABLE_OBJC_WEAK = YES;
				CLANG_WARN_BLOCK_CAPTURE_AUTORELEASING = YES;
				CLANG_WARN_BOOL_CONVERSION = YES;
				CLANG_WARN_COMMA = YES;
				CLANG_WARN_CONSTANT_CONVERSION = YES;
				CLANG_WARN_DEPRECATED_OBJC_IMPLEMENTATIONS = YES;
				CLANG_WARN_DIRECT_OBJC_ISA_USAGE = YES_ERROR;
				CLANG_WARN_DOCUMENTATION_COMMENTS = YES;
				CLANG_WARN_EMPTY_BODY = YES;
				CLANG_WARN_ENUM_CONVERSION = YES;
				CLANG_WARN_INFINITE_RECURSION = YES;
				CLANG_WARN_INT_CONVERSION = YES;
				CLANG_WARN_NON_LITERAL_NULL_CONVERSION = YES;
				CLANG_WARN_OBJC_IMPLICIT_RETAIN_SELF = YES;
				CLANG_WARN_OBJC_LITERAL_CONVERSION = YES;
				CLANG_WARN_OBJC_ROOT_CLASS = YES_ERROR;
				CLANG_WARN_RANGE_LOOP_ANALYSIS = YES;
				CLANG_WARN_STRICT_PROTOTYPES = YES;
				CLANG_WARN_SUSPICIOUS_MOVE = YES;
				CLANG_WARN_UNGUARDED_AVAILABILITY = YES_AGGRESSIVE;
				CLANG_WARN_UNREACHABLE_CODE = YES;
				CLANG_WARN__DUPLICATE_METHOD_MATCH = YES;
				CODE_SIGN_IDENTITY = "iPhone Developer";
				COPY_PHASE_STRIP = NO;
				DEBUG_INFORMATION_FORMAT = "dwarf-with-dsym";
				ENABLE_NS_ASSERTIONS = NO;
				ENABLE_STRICT_OBJC_MSGSEND = YES;
				GCC_C_LANGUAGE_STANDARD = gnu11;
				GCC_NO_COMMON_BLOCKS = YES;
				GCC_WARN_64_TO_32_BIT_CONVERSION = YES;
				GCC_WARN_ABOUT_RETURN_TYPE = YES_ERROR;
				GCC_WARN_UNDECLARED_SELECTOR = YES;
				GCC_WARN_UNINITIALIZED_AUTOS = YES_AGGRESSIVE;
				GCC_WARN_UNUSED_FUNCTION = YES;
				GCC_WARN_UNUSED_VARIABLE = YES;
				IPHONEOS_DEPLOYMENT_TARGET = 11.4;
				MTL_ENABLE_DEBUG_INFO = NO;
				SDKROOT = iphoneos;
				SWIFT_COMPILATION_MODE = wholemodule;
				SWIFT_OPTIMIZATION_LEVEL = "-O";
				VALIDATE_PRODUCT = YES;
			};
			name = Release;
		};
		1752C50E2158E8D50094C883 /* Debug */ = {
			isa = XCBuildConfiguration;
			baseConfigurationReference = 3AE70DB4857F916DE10CC939 /* Pods-ApiTastTask.debug.xcconfig */;
			buildSettings = {
				ASSETCATALOG_COMPILER_APPICON_NAME = AppIcon;
				CODE_SIGN_STYLE = Automatic;
				DEVELOPMENT_TEAM = 466RJTAC3V;
				INFOPLIST_FILE = ApiTastTask/Info.plist;
				LD_RUNPATH_SEARCH_PATHS = (
					"$(inherited)",
					"@executable_path/Frameworks",
				);
				PRODUCT_BUNDLE_IDENTIFIER = home.ApiTastTask;
				PRODUCT_NAME = "$(TARGET_NAME)";
				SWIFT_VERSION = 4.0;
				TARGETED_DEVICE_FAMILY = "1,2";
			};
			name = Debug;
		};
		1752C50F2158E8D50094C883 /* Release */ = {
			isa = XCBuildConfiguration;
			baseConfigurationReference = 8CFC301E6EDB125F422D586B /* Pods-ApiTastTask.release.xcconfig */;
			buildSettings = {
				ASSETCATALOG_COMPILER_APPICON_NAME = AppIcon;
				CODE_SIGN_STYLE = Automatic;
				DEVELOPMENT_TEAM = 466RJTAC3V;
				INFOPLIST_FILE = ApiTastTask/Info.plist;
				LD_RUNPATH_SEARCH_PATHS = (
					"$(inherited)",
					"@executable_path/Frameworks",
				);
				PRODUCT_BUNDLE_IDENTIFIER = home.ApiTastTask;
				PRODUCT_NAME = "$(TARGET_NAME)";
				SWIFT_VERSION = 4.0;
				TARGETED_DEVICE_FAMILY = "1,2";
			};
			name = Release;
		};
/* End XCBuildConfiguration section */

/* Begin XCConfigurationList section */
		1752C4F62158E8D00094C883 /* Build configuration list for PBXProject "ApiTastTask" */ = {
			isa = XCConfigurationList;
			buildConfigurations = (
				1752C50B2158E8D50094C883 /* Debug */,
				1752C50C2158E8D50094C883 /* Release */,
			);
			defaultConfigurationIsVisible = 0;
			defaultConfigurationName = Release;
		};
		1752C50D2158E8D50094C883 /* Build configuration list for PBXNativeTarget "ApiTastTask" */ = {
			isa = XCConfigurationList;
			buildConfigurations = (
				1752C50E2158E8D50094C883 /* Debug */,
				1752C50F2158E8D50094C883 /* Release */,
			);
			defaultConfigurationIsVisible = 0;
			defaultConfigurationName = Release;
		};
/* End XCConfigurationList section */
	};
	rootObject = 1752C4F32158E8D00094C883 /* Project object */;
}
